schema: '2.0'
stages:
  Data_ingestion:
    cmd: python src/shared/pipeline/pip_01_data_ingestion.py
    deps:
    - path: Artifacts\Ingested_data.zip
      hash: md5
      md5: bfc837cc1b8723f9ebd29433ad999372
      size: 450866572
    - path: config/config.yaml
      hash: md5
      md5: d4f50da51dafc59a61518400a0ad1907
      size: 1059
    - path: src/shared/pipeline/pip_01_data_ingestion.py
      hash: md5
      md5: 4d8444d25a65faa4342fc1dff588de55
      size: 1404
    outs:
    - path: Artifacts\ingested_data
      hash: md5
      md5: f2c1d03b999e43bda4a6ad6c4b4722a5.dir
      size: 2434277720
      nfiles: 6
  Data_validation:
    cmd: python src/shared/pipeline/pip_02_data_validation.py
    deps:
    - path: Artifacts/ingested_data/
      hash: md5
      md5: f2c1d03b999e43bda4a6ad6c4b4722a5.dir
      size: 2434277720
      nfiles: 6
    - path: src/shared/pipeline/pip_02_data_validation.py
      hash: md5
      md5: bec2a2594e9e379686f985399634ee28
      size: 1561
    outs:
    - path: Artifacts/data_validation/status.json
      hash: md5
      md5: 75e6a68a7a4e563510e1f00fd8b9975a
      size: 39454
